
Microsoft Visual Studio Solution File, Format Version 12.00
# Visual Studio Version 16
VisualStudioVersion = 16.0.31729.503
MinimumVisualStudioVersion = 10.0.40219.1
Project("{9A19103F-16F7-4668-BE54-9A1E7A4F7556}") = "Diplom", "kurs2\Diplom.csproj", "{D44961B4-CD81-4AA2-A80E-137FCE3A2424}"
EndProject
Global
	GlobalSection(SolutionConfigurationPlatforms) = preSolution
		Debug|Any CPU = Debug|Any CPU
		Release|Any CPU = Release|Any CPU
	EndGlobalSection
	GlobalSection(ProjectConfigurationPlatforms) = postSolution
		{D44961B4-CD81-4AA2-A80E-137FCE3A2424}.Debug|Any CPU.ActiveCfg = Debug|Any CPU
		{D44961B4-CD81-4AA2-A80E-137FCE3A2424}.Debug|Any CPU.Build.0 = Debug|Any CPU
		{D44961B4-CD81-4AA2-A80E-137FCE3A2424}.Release|Any CPU.ActiveCfg = Release|Any CPU
		{D44961B4-CD81-4AA2-A80E-137FCE3A2424}.Release|Any CPU.Build.0 = Release|Any CPU
	EndGlobalSection
	GlobalSection(SolutionProperties) = preSolution
		HideSolutionNode = FALSE
	EndGlobalSection
	GlobalSection(ExtensibilityGlobals) = postSolution
		SolutionGuid = {090184C8-184A-4084-89C3-829528D02B45}
	EndGlobalSection
EndGlobal
